
Microsoft Visual Studio Solution File, Format Version 12.00
# Visual Studio Version 17
VisualStudioVersion = 17.9.34902.65
MinimumVisualStudioVersion = 10.0.40219.1
Project("{FAE04EC0-301F-11D3-BF4B-00C04F79EFBC}") = "P6Travels_API_SebastianSanchoA", "P6Travels_API_SebastianSanchoA\P6Travels_API_SebastianSanchoA.csproj", "{928965FB-C7ED-494A-BFD4-3C8E27C1BB4A}"
EndProject
Global
	GlobalSection(SolutionConfigurationPlatforms) = preSolution
		Debug|Any CPU = Debug|Any CPU
		Release|Any CPU = Release|Any CPU
	EndGlobalSection
	GlobalSection(ProjectConfigurationPlatforms) = postSolution
		{928965FB-C7ED-494A-BFD4-3C8E27C1BB4A}.Debug|Any CPU.ActiveCfg = Debug|Any CPU
		{928965FB-C7ED-494A-BFD4-3C8E27C1BB4A}.Debug|Any CPU.Build.0 = Debug|Any CPU
		{928965FB-C7ED-494A-BFD4-3C8E27C1BB4A}.Release|Any CPU.ActiveCfg = Release|Any CPU
		{928965FB-C7ED-494A-BFD4-3C8E27C1BB4A}.Release|Any CPU.Build.0 = Release|Any CPU
	EndGlobalSection
	GlobalSection(SolutionProperties) = preSolution
		HideSolutionNode = FALSE
	EndGlobalSection
	GlobalSection(ExtensibilityGlobals) = postSolution
		SolutionGuid = {97D828EE-E54F-47A7-AEDE-2DE8307ACB37}
	EndGlobalSection
EndGlobal
